PODS:
  - test_sibling_dependencies_pod_a_framework (0.0.0)
  - test_sibling_dependencies_pod_b (0.0.0):
    - test_sibling_dependencies_pod_a_framework

DEPENDENCIES:
  - test_sibling_dependencies_pod_a_framework (from `https://github.com/ExoticObjects/test_sibling_dependencies_pod_a_framework.git`)
  - test_sibling_dependencies_pod_b (from `git@github.com:ExoticObjects/test_sibling_dependencies_pod_b.git`)

EXTERNAL SOURCES:
  test_sibling_dependencies_pod_a_framework:
    :git: https://github.com/ExoticObjects/test_sibling_dependencies_pod_a_framework.git
  test_sibling_dependencies_pod_b:
    :git: git@github.com:ExoticObjects/test_sibling_dependencies_pod_b.git

CHECKOUT OPTIONS:
  test_sibling_dependencies_pod_a_framework:
    :commit: 68d471fc44e9a4f4b00d77fecc8167284abfad05
    :git: https://github.com/ExoticObjects/test_sibling_dependencies_pod_a_framework.git
  test_sibling_dependencies_pod_b:
    :commit: f06ea1e838e35d159420262070953d0f91fa562a
    :git: git@github.com:ExoticObjects/test_sibling_dependencies_pod_b.git

SPEC CHECKSUMS:
  test_sibling_dependencies_pod_a_framework: 8d0eb9f7c2cbe06f16444d4f322a164e9d9bcb76
  test_sibling_dependencies_pod_b: 37f4ab4a226859bd961d49a036e4afeca0b29ef2

COCOAPODS: 0.39.0
