PODS:
  - test_sibling_dependencies_pod_a (0.0.0)

DEPENDENCIES:
  - test_sibling_dependencies_pod_a (from `../test_sibling_dependencies_pod_a_framework/`)

EXTERNAL SOURCES:
  test_sibling_dependencies_pod_a:
    :path: "../test_sibling_dependencies_pod_a_framework/"

SPEC CHECKSUMS:
  test_sibling_dependencies_pod_a: e3b6f3dc7c9784bef25a1cfe902848793d9b75c3

COCOAPODS: 0.39.0
