PODS:
  - test_sibling_dependencies_pod_a_framework (0.0.0)
  - test_sibling_dependencies_pod_b (0.0.0):
    - test_sibling_dependencies_pod_a_framework

DEPENDENCIES:
  - test_sibling_dependencies_pod_a_framework (from `https://github.com/ExoticObjects/test_sibling_dependencies_pod_a_framework.git`)
  - test_sibling_dependencies_pod_b (from `../test_sibling_dependencies_pod_b/`)

EXTERNAL SOURCES:
  test_sibling_dependencies_pod_a_framework:
    :git: https://github.com/ExoticObjects/test_sibling_dependencies_pod_a_framework.git
  test_sibling_dependencies_pod_b:
    :path: "../test_sibling_dependencies_pod_b/"

CHECKOUT OPTIONS:
  test_sibling_dependencies_pod_a_framework:
    :commit: dd1f428956180af4c535f4a7a6c8979008a9bec5
    :git: https://github.com/ExoticObjects/test_sibling_dependencies_pod_a_framework.git

SPEC CHECKSUMS:
  test_sibling_dependencies_pod_a_framework: 41a0dc0ae8321d7be2ecc77dac1e2af9a34da063
  test_sibling_dependencies_pod_b: 4087536d114c1ce2ce85fa5c270ad08f07e98c89

COCOAPODS: 0.39.0
